// !$*UTF8*$!
{
	archiveVersion = 1;
	classes = {
	};
	objectVersion = 50;
	objects = {

/* Begin PBXBuildFile section */
		68F5CE0E22C4B4B800503580 /* AppDelegate.swift in Sources */ = {isa = PBXBuildFile; fileRef = 68F5CE0D22C4B4B800503580 /* AppDelegate.swift */; };
		68F5CE1022C4B4B800503580 /* ViewController.swift in Sources */ = {isa = PBXBuildFile; fileRef = 68F5CE0F22C4B4B800503580 /* ViewController.swift */; };
		68F5CE1322C4B4B800503580 /* Main.storyboard in Resources */ = {isa = PBXBuildFile; fileRef = 68F5CE1122C4B4B800503580 /* Main.storyboard */; };
		68F5CE1622C4B4B800503580 /* iOS_workshop.xcdatamodeld in Sources */ = {isa = PBXBuildFile; fileRef = 68F5CE1422C4B4B800503580 /* iOS_workshop.xcdatamodeld */; };
		68F5CE1822C4B4C000503580 /* Assets.xcassets in Resources */ = {isa = PBXBuildFile; fileRef = 68F5CE1722C4B4C000503580 /* Assets.xcassets */; };
		68F5CE1B22C4B4C000503580 /* LaunchScreen.storyboard in Resources */ = {isa = PBXBuildFile; fileRef = 68F5CE1922C4B4C000503580 /* LaunchScreen.storyboard */; };
/* End PBXBuildFile section */

/* Begin PBXFileReference section */
		68F5CE0A22C4B4B700503580 /* iOS-workshop.app */ = {isa = PBXFileReference; explicitFileType = wrapper.application; includeInIndex = 0; path = "iOS-workshop.app"; sourceTree = BUILT_PRODUCTS_DIR; };
		68F5CE0D22C4B4B800503580 /* AppDelegate.swift */ = {isa = PBXFileReference; lastKnownFileType = sourcecode.swift; path = AppDelegate.swift; sourceTree = "<group>"; };
		68F5CE0F22C4B4B800503580 /* ViewController.swift */ = {isa = PBXFileReference; lastKnownFileType = sourcecode.swift; path = ViewController.swift; sourceTree = "<group>"; };
		68F5CE1222C4B4B800503580 /* Base */ = {isa = PBXFileReference; lastKnownFileType = file.storyboard; name = Base; path = Base.lproj/Main.storyboard; sourceTree = "<group>"; };
		68F5CE1522C4B4B800503580 /* iOS_workshop.xcdatamodel */ = {isa = PBXFileReference; lastKnownFileType = wrapper.xcdatamodel; path = iOS_workshop.xcdatamodel; sourceTree = "<group>"; };
		68F5CE1722C4B4C000503580 /* Assets.xcassets */ = {isa = PBXFileReference; lastKnownFileType = folder.assetcatalog; path = Assets.xcassets; sourceTree = "<group>"; };
		68F5CE1A22C4B4C000503580 /* Base */ = {isa = PBXFileReference; lastKnownFileType = file.storyboard; name = Base; path = Base.lproj/LaunchScreen.storyboard; sourceTree = "<group>"; };
		68F5CE1C22C4B4C000503580 /* Info.plist */ = {isa = PBXFileReference; lastKnownFileType = text.plist.xml; path = Info.plist; sourceTree = "<group>"; };
/* End PBXFileReference section */

/* Begin PBXFrameworksBuildPhase section */
		68F5CE0722C4B4B700503580 /* Frameworks */ = {
			isa = PBXFrameworksBuildPhase;
			buildActionMask = 2147483647;
			files = (
			);
			runOnlyForDeploymentPostprocessing = 0;
		};
/* End PBXFrameworksBuildPhase section */

/* Begin PBXGroup section */
		68F5CE0122C4B4B700503580 = {
			isa = PBXGroup;
			children = (
				68F5CE0C22C4B4B700503580 /* iOS-workshop */,
				68F5CE0B22C4B4B700503580 /* Products */,
			);
			sourceTree = "<group>";
		};
		68F5CE0B22C4B4B700503580 /* Products */ = {
			isa = PBXGroup;
			children = (
				68F5CE0A22C4B4B700503580 /* iOS-workshop.app */,
			);
			name = Products;
			sourceTree = "<group>";
		};
		68F5CE0C22C4B4B700503580 /* iOS-workshop */ = {
			isa = PBXGroup;
			children = (
				68F5CE0D22C4B4B800503580 /* AppDelegate.swift */,
				68F5CE0F22C4B4B800503580 /* ViewController.swift */,
				68F5CE1122C4B4B800503580 /* Main.storyboard */,
				68F5CE1722C4B4C000503580 /* Assets.xcassets */,
				68F5CE1922C4B4C000503580 /* LaunchScreen.storyboard */,
				68F5CE1C22C4B4C000503580 /* Info.plist */,
				68F5CE1422C4B4B800503580 /* iOS_workshop.xcdatamodeld */,
			);
			path = "iOS-workshop";
			sourceTree = "<group>";
		};
/* End PBXGroup section */

/* Begin PBXNativeTarget section */
		68F5CE0922C4B4B700503580 /* iOS-workshop */ = {
			isa = PBXNativeTarget;
			buildConfigurationList = 68F5CE1F22C4B4C000503580 /* Build configuration list for PBXNativeTarget "iOS-workshop" */;
			buildPhases = (
				68F5CE0622C4B4B700503580 /* Sources */,
				68F5CE0722C4B4B700503580 /* Frameworks */,
				68F5CE0822C4B4B700503580 /* Resources */,
			);
			buildRules = (
			);
			dependencies = (
			);
			name = "iOS-workshop";
			productName = "iOS-workshop";
			productReference = 68F5CE0A22C4B4B700503580 /* iOS-workshop.app */;
			productType = "com.apple.product-type.application";
		};
/* End PBXNativeTarget section */

/* Begin PBXProject section */
		68F5CE0222C4B4B700503580 /* Project object */ = {
			isa = PBXProject;
			attributes = {
				LastSwiftUpdateCheck = 1020;
				LastUpgradeCheck = 1020;
				ORGANIZATIONNAME = ict;
				TargetAttributes = {
					68F5CE0922C4B4B700503580 = {
						CreatedOnToolsVersion = 10.2.1;
					};
				};
			};
			buildConfigurationList = 68F5CE0522C4B4B700503580 /* Build configuration list for PBXProject "iOS-workshop" */;
			compatibilityVersion = "Xcode 9.3";
			developmentRegion = en;
			hasScannedForEncodings = 0;
			knownRegions = (
				en,
				Base,
			);
			mainGroup = 68F5CE0122C4B4B700503580;
			productRefGroup = 68F5CE0B22C4B4B700503580 /* Products */;
			projectDirPath = "";
			projectRoot = "";
			targets = (
				68F5CE0922C4B4B700503580 /* iOS-workshop */,
			);
		};
/* End PBXProject section */

/* Begin PBXResourcesBuildPhase section */
		68F5CE0822C4B4B700503580 /* Resources */ = {
			isa = PBXResourcesBuildPhase;
			buildActionMask = 2147483647;
			files = (
				68F5CE1B22C4B4C000503580 /* LaunchScreen.storyboard in Resources */,
				68F5CE1822C4B4C000503580 /* Assets.xcassets in Resources */,
				68F5CE1322C4B4B800503580 /* Main.storyboard in Resources */,
			);
			runOnlyForDeploymentPostprocessing = 0;
		};
/* End PBXResourcesBuildPhase section */

/* Begin PBXSourcesBuildPhase section */
		68F5CE0622C4B4B700503580 /* Sources */ = {
			isa = PBXSourcesBuildPhase;
			buildActionMask = 2147483647;
			files = (
				68F5CE1022C4B4B800503580 /* ViewController.swift in Sources */,
				68F5CE1622C4B4B800503580 /* iOS_workshop.xcdatamodeld in Sources */,
				68F5CE0E22C4B4B800503580 /* AppDelegate.swift in Sources */,
			);
			runOnlyForDeploymentPostprocessing = 0;
		};
/* End PBXSourcesBuildPhase section */

/* Begin PBXVariantGroup section */
		68F5CE1122C4B4B800503580 /* Main.storyboard */ = {
			isa = PBXVariantGroup;
			children = (
				68F5CE1222C4B4B800503580 /* Base */,
			);
			name = Main.storyboard;
			sourceTree = "<group>";
		};
		68F5CE1922C4B4C000503580 /* LaunchScreen.storyboard */ = {
			isa = PBXVariantGroup;
			children = (
				68F5CE1A22C4B4C000503580 /* Base */,
			);
			name = LaunchScreen.storyboard;
			sourceTree = "<group>";
		};
/* End PBXVariantGroup section */

/* Begin XCBuildConfiguration section */
		68F5CE1D22C4B4C000503580 /* Debug */ = {
			isa = XCBuildConfiguration;
			buildSettings = {
				ALWAYS_SEARCH_USER_PATHS = NO;
				CLANG_ANALYZER_NONNULL = YES;
				CLANG_ANALYZER_NUMBER_OBJECT_CONVERSION = YES_AGGRESSIVE;
				CLANG_CXX_LANGUAGE_STANDARD = "gnu++14";
				CLANG_CXX_LIBRARY = "libc++";
				CLANG_ENABLE_MODULES = YES;
				CLANG_ENABLE_OBJC_ARC = YES;
				CLANG_ENABLE_OBJC_WEAK = YES;
				CLANG_WARN_BLOCK_CAPTURE_AUTORELEASING = YES;
				CLANG_WARN_BOOL_CONVERSION = YES;
				CLANG_WARN_COMMA = YES;
				CLANG_WARN_CONSTANT_CONVERSION = YES;
				CLANG_WARN_DEPRECATED_OBJC_IMPLEMENTATIONS = YES;
				CLANG_WARN_DIRECT_OBJC_ISA_USAGE = YES_ERROR;
				CLANG_WARN_DOCUMENTATION_COMMENTS = YES;
				CLANG_WARN_EMPTY_BODY = YES;
				CLANG_WARN_ENUM_CONVERSION = YES;
				CLANG_WARN_INFINITE_RECURSION = YES;
				CLANG_WARN_INT_CONVERSION = YES;
				CLANG_WARN_NON_LITERAL_NULL_CONVERSION = YES;
				CLANG_WARN_OBJC_IMPLICIT_RETAIN_SELF = YES;
				CLANG_WARN_OBJC_LITERAL_CONVERSION = YES;
				CLANG_WARN_OBJC_ROOT_CLASS = YES_ERROR;
				CLANG_WARN_RANGE_LOOP_ANALYSIS = YES;
				CLANG_WARN_STRICT_PROTOTYPES = YES;
				CLANG_WARN_SUSPICIOUS_MOVE = YES;
				CLANG_WARN_UNGUARDED_AVAILABILITY = YES_AGGRESSIVE;
				CLANG_WARN_UNREACHABLE_CODE = YES;
				CLANG_WARN__DUPLICATE_METHOD_MATCH = YES;
				CODE_SIGN_IDENTITY = "iPhone Developer";
				COPY_PHASE_STRIP = NO;
				DEBUG_INFORMATION_FORMAT = dwarf;
				ENABLE_STRICT_OBJC_MSGSEND = YES;
				ENABLE_TESTABILITY = YES;
				GCC_C_LANGUAGE_STANDARD = gnu11;
				GCC_DYNAMIC_NO_PIC = NO;
				GCC_NO_COMMON_BLOCKS = YES;
				GCC_OPTIMIZATION_LEVEL = 0;
				GCC_PREPROCESSOR_DEFINITIONS = (
					"DEBUG=1",
					"$(inherited)",
				);
				GCC_WARN_64_TO_32_BIT_CONVERSION = YES;
				GCC_WARN_ABOUT_RETURN_TYPE = YES_ERROR;
				GCC_WARN_UNDECLARED_SELECTOR = YES;
				GCC_WARN_UNINITIALIZED_AUTOS = YES_AGGRESSIVE;
				GCC_WARN_UNUSED_FUNCTION = YES;
				GCC_WARN_UNUSED_VARIABLE = YES;
				IPHONEOS_DEPLOYMENT_TARGET = 12.2;
				MTL_ENABLE_DEBUG_INFO = INCLUDE_SOURCE;
				MTL_FAST_MATH = YES;
				ONLY_ACTIVE_ARCH = YES;
				SDKROOT = iphoneos;
				SWIFT_ACTIVE_COMPILATION_CONDITIONS = DEBUG;
				SWIFT_OPTIMIZATION_LEVEL = "-Onone";
			};
			name = Debug;
		};
		68F5CE1E22C4B4C000503580 /* Release */ = {
			isa = XCBuildConfiguration;
			buildSettings = {
				ALWAYS_SEARCH_USER_PATHS = NO;
				CLANG_ANALYZER_NONNULL = YES;
				CLANG_ANALYZER_NUMBER_OBJECT_CONVERSION = YES_AGGRESSIVE;
				CLANG_CXX_LANGUAGE_STANDARD = "gnu++14";
				CLANG_CXX_LIBRARY = "libc++";
				CLANG_ENABLE_MODULES = YES;
				CLANG_ENABLE_OBJC_ARC = YES;
				CLANG_ENABLE_OBJC_WEAK = YES;
				CLANG_WARN_BLOCK_CAPTURE_AUTORELEASING = YES;
				CLANG_WARN_BOOL_CONVERSION = YES;
				CLANG_WARN_COMMA = YES;
				CLANG_WARN_CONSTANT_CONVERSION = YES;
				CLANG_WARN_DEPRECATED_OBJC_IMPLEMENTATIONS = YES;
				CLANG_WARN_DIRECT_OBJC_ISA_USAGE = YES_ERROR;
				CLANG_WARN_DOCUMENTATION_COMMENTS = YES;
				CLANG_WARN_EMPTY_BODY = YES;
				CLANG_WARN_ENUM_CONVERSION = YES;
				CLANG_WARN_INFINITE_RECURSION = YES;
				CLANG_WARN_INT_CONVERSION = YES;
				CLANG_WARN_NON_LITERAL_NULL_CONVERSION = YES;
				CLANG_WARN_OBJC_IMPLICIT_RETAIN_SELF = YES;
				CLANG_WARN_OBJC_LITERAL_CONVERSION = YES;
				CLANG_WARN_OBJC_ROOT_CLASS = YES_ERROR;
				CLANG_WARN_RANGE_LOOP_ANALYSIS = YES;
				CLANG_WARN_STRICT_PROTOTYPES = YES;
				CLANG_WARN_SUSPICIOUS_MOVE = YES;
				CLANG_WARN_UNGUARDED_AVAILABILITY = YES_AGGRESSIVE;
				CLANG_WARN_UNREACHABLE_CODE = YES;
				CLANG_WARN__DUPLICATE_METHOD_MATCH = YES;
				CODE_SIGN_IDENTITY = "iPhone Developer";
				COPY_PHASE_STRIP = NO;
				DEBUG_INFORMATION_FORMAT = "dwarf-with-dsym";
				ENABLE_NS_ASSERTIONS = NO;
				ENABLE_STRICT_OBJC_MSGSEND = YES;
				GCC_C_LANGUAGE_STANDARD = gnu11;
				GCC_NO_COMMON_BLOCKS = YES;
				GCC_WARN_64_TO_32_BIT_CONVERSION = YES;
				GCC_WARN_ABOUT_RETURN_TYPE = YES_ERROR;
				GCC_WARN_UNDECLARED_SELECTOR = YES;
				GCC_WARN_UNINITIALIZED_AUTOS = YES_AGGRESSIVE;
				GCC_WARN_UNUSED_FUNCTION = YES;
				GCC_WARN_UNUSED_VARIABLE = YES;
				IPHONEOS_DEPLOYMENT_TARGET = 12.2;
				MTL_ENABLE_DEBUG_INFO = NO;
				MTL_FAST_MATH = YES;
				SDKROOT = iphoneos;
				SWIFT_COMPILATION_MODE = wholemodule;
				SWIFT_OPTIMIZATION_LEVEL = "-O";
				VALIDATE_PRODUCT = YES;
			};
			name = Release;
		};
		68F5CE2022C4B4C000503580 /* Debug */ = {
			isa = XCBuildConfiguration;
			buildSettings = {
				ASSETCATALOG_COMPILER_APPICON_NAME = AppIcon;
				CODE_SIGN_STYLE = Automatic;
				DEVELOPMENT_TEAM = WKEL5C23AV;
				INFOPLIST_FILE = "iOS-workshop/Info.plist";
				LD_RUNPATH_SEARCH_PATHS = (
					"$(inherited)",
					"@executable_path/Frameworks",
				);
				PRODUCT_BUNDLE_IDENTIFIER = "ict.iOS-workshop";
				PRODUCT_NAME = "$(TARGET_NAME)";
				SWIFT_VERSION = 5.0;
				TARGETED_DEVICE_FAMILY = "1,2";
			};
			name = Debug;
		};
		68F5CE2122C4B4C000503580 /* Release */ = {
			isa = XCBuildConfiguration;
			buildSettings = {
				ASSETCATALOG_COMPILER_APPICON_NAME = AppIcon;
				CODE_SIGN_STYLE = Automatic;
				DEVELOPMENT_TEAM = WKEL5C23AV;
				INFOPLIST_FILE = "iOS-workshop/Info.plist";
				LD_RUNPATH_SEARCH_PATHS = (
					"$(inherited)",
					"@executable_path/Frameworks",
				);
				PRODUCT_BUNDLE_IDENTIFIER = "ict.iOS-workshop";
				PRODUCT_NAME = "$(TARGET_NAME)";
				SWIFT_VERSION = 5.0;
				TARGETED_DEVICE_FAMILY = "1,2";
			};
			name = Release;
		};
/* End XCBuildConfiguration section */

/* Begin XCConfigurationList section */
		68F5CE0522C4B4B700503580 /* Build configuration list for PBXProject "iOS-workshop" */ = {
			isa = XCConfigurationList;
			buildConfigurations = (
				68F5CE1D22C4B4C000503580 /* Debug */,
				68F5CE1E22C4B4C000503580 /* Release */,
			);
			defaultConfigurationIsVisible = 0;
			defaultConfigurationName = Release;
		};
		68F5CE1F22C4B4C000503580 /* Build configuration list for PBXNativeTarget "iOS-workshop" */ = {
			isa = XCConfigurationList;
			buildConfigurations = (
				68F5CE2022C4B4C000503580 /* Debug */,
				68F5CE2122C4B4C000503580 /* Release */,
			);
			defaultConfigurationIsVisible = 0;
			defaultConfigurationName = Release;
		};
/* End XCConfigurationList section */

/* Begin XCVersionGroup section */
		68F5CE1422C4B4B800503580 /* iOS_workshop.xcdatamodeld */ = {
			isa = XCVersionGroup;
			children = (
				68F5CE1522C4B4B800503580 /* iOS_workshop.xcdatamodel */,
			);
			currentVersion = 68F5CE1522C4B4B800503580 /* iOS_workshop.xcdatamodel */;
			path = iOS_workshop.xcdatamodeld;
			sourceTree = "<group>";
			versionGroupType = wrapper.xcdatamodel;
		};
/* End XCVersionGroup section */
	};
	rootObject = 68F5CE0222C4B4B700503580 /* Project object */;
}
